// !$*UTF8*$!
{
	archiveVersion = 1;
	classes = {
	};
	objectVersion = 48;
	objects = {

/* Begin PBXBuildFile section */
		7A0433901E034D4200FB2C04 /* NotificationStrings.swift in Sources */ = {isa = PBXBuildFile; fileRef = 7A04338F1E034D4200FB2C04 /* NotificationStrings.swift */; };
		7A0433921E036F2600FB2C04 /* IBStrings.swift in Sources */ = {isa = PBXBuildFile; fileRef = 7A0433911E036F2600FB2C04 /* IBStrings.swift */; };
		7A0433941E03744500FB2C04 /* AlertStrings.swift in Sources */ = {isa = PBXBuildFile; fileRef = 7A0433931E03744500FB2C04 /* AlertStrings.swift */; };
		7A0D0BC21C0CFF910087D9CE /* ParseAPIClient.swift in Sources */ = {isa = PBXBuildFile; fileRef = 7A0D0BC11C0CFF910087D9CE /* ParseAPIClient.swift */; };
		7A0D0BC41C0D29330087D9CE /* APIDataTaskWithRequest.swift in Sources */ = {isa = PBXBuildFile; fileRef = 7A0D0BC31C0D29330087D9CE /* APIDataTaskWithRequest.swift */; };
		7A0D0BCD1C0E84190087D9CE /* APIClientConstants.swift in Sources */ = {isa = PBXBuildFile; fileRef = 7A0D0BCC1C0E84190087D9CE /* APIClientConstants.swift */; };
		7A1507E31C478031009BAAA4 /* UdacitySession.swift in Sources */ = {isa = PBXBuildFile; fileRef = 7A1507E21C478031009BAAA4 /* UdacitySession.swift */; };
		7A1507E51C478069009BAAA4 /* UdacityAccount.swift in Sources */ = {isa = PBXBuildFile; fileRef = 7A1507E41C478069009BAAA4 /* UdacityAccount.swift */; };
		7A1E9AB01C459FC8008BCB02 /* UIViewControllerExtensions.swift in Sources */ = {isa = PBXBuildFile; fileRef = 7A1E9AAF1C459FC8008BCB02 /* UIViewControllerExtensions.swift */; };
		7A261AC91C3F342100FAEF5A /* StudentLocationsPostInformationViewController.swift in Sources */ = {isa = PBXBuildFile; fileRef = 7A261AC81C3F342100FAEF5A /* StudentLocationsPostInformationViewController.swift */; };
		7A261ACB1C3FD20D00FAEF5A /* Images.xcassets in Resources */ = {isa = PBXBuildFile; fileRef = 7A261ACA1C3FD20D00FAEF5A /* Images.xcassets */; };
		7A29A8C11C631ACA0098E298 /* ParseAPIClientConstants.swift in Sources */ = {isa = PBXBuildFile; fileRef = 7A29A8C01C631ACA0098E298 /* ParseAPIClientConstants.swift */; };
		7A29A8C31C631F260098E298 /* UdacityAPIClientConstants.swift in Sources */ = {isa = PBXBuildFile; fileRef = 7A29A8C21C631F260098E298 /* UdacityAPIClientConstants.swift */; };
		7A40DAFD1C5431B600E5A1BC /* Roboto-Medium.ttf in Resources */ = {isa = PBXBuildFile; fileRef = 7A40DAFA1C5431B600E5A1BC /* Roboto-Medium.ttf */; };
		7A40DAFE1C5431B600E5A1BC /* Roboto-Regular.ttf in Resources */ = {isa = PBXBuildFile; fileRef = 7A40DAFB1C5431B600E5A1BC /* Roboto-Regular.ttf */; };
		7A40DAFF1C5431B600E5A1BC /* Roboto-Thin.ttf in Resources */ = {isa = PBXBuildFile; fileRef = 7A40DAFC1C5431B600E5A1BC /* Roboto-Thin.ttf */; };
		7A40DB011C546BAA00E5A1BC /* WhitePixel.png in Resources */ = {isa = PBXBuildFile; fileRef = 7A40DB001C546BAA00E5A1BC /* WhitePixel.png */; };
		7A4871FC1C163DF100E1E9CD /* StudentLocationsManager.swift in Sources */ = {isa = PBXBuildFile; fileRef = 7A4871FB1C163DF100E1E9CD /* StudentLocationsManager.swift */; };
		7A4871FE1C16678F00E1E9CD /* StudentLocation.swift in Sources */ = {isa = PBXBuildFile; fileRef = 7A4871FD1C16678F00E1E9CD /* StudentLocation.swift */; };
		7A4997401C5C273400002D19 /* PleaseWaitView.swift in Sources */ = {isa = PBXBuildFile; fileRef = 7A49973F1C5C273400002D19 /* PleaseWaitView.swift */; };
		7A6DB2F01C52C53800F1E4E2 /* UdacityFBAccessToken.swift in Sources */ = {isa = PBXBuildFile; fileRef = 7A6DB2EF1C52C53800F1E4E2 /* UdacityFBAccessToken.swift */; };
		7A79BA3C1C45AEBB004FD316 /* NetworkActivityIndicator.swift in Sources */ = {isa = PBXBuildFile; fileRef = 7A79BA3B1C45AEBB004FD316 /* NetworkActivityIndicator.swift */; };
		7A840F611C03E6CD006B5874 /* AppDelegate.swift in Sources */ = {isa = PBXBuildFile; fileRef = 7A840F601C03E6CD006B5874 /* AppDelegate.swift */; };
		7A840F681C03E6CD006B5874 /* Main.storyboard in Resources */ = {isa = PBXBuildFile; fileRef = 7A840F661C03E6CD006B5874 /* Main.storyboard */; };
		7A840F6D1C03E6CD006B5874 /* LaunchScreen.storyboard in Resources */ = {isa = PBXBuildFile; fileRef = 7A840F6B1C03E6CD006B5874 /* LaunchScreen.storyboard */; };
		7A840F751C04E82B006B5874 /* UdacityLoginViewController.swift in Sources */ = {isa = PBXBuildFile; fileRef = 7A840F741C04E82B006B5874 /* UdacityLoginViewController.swift */; };
		7A840F7C1C04EBB7006B5874 /* UdacityAPIClient.swift in Sources */ = {isa = PBXBuildFile; fileRef = 7A840F7B1C04EBB7006B5874 /* UdacityAPIClient.swift */; };
		7A840F7F1C057469006B5874 /* HTTPURLResponseExtensions.swift in Sources */ = {isa = PBXBuildFile; fileRef = 7A840F7E1C057469006B5874 /* HTTPURLResponseExtensions.swift */; };
		7A87AE971C49BB5B00C9F091 /* StudentLocationsTabBarController.swift in Sources */ = {isa = PBXBuildFile; fileRef = 7A87AE961C49BB5B00C9F091 /* StudentLocationsTabBarController.swift */; };
		7A8F93161C1294DC00F63A73 /* StudentLocationsMapViewController.swift in Sources */ = {isa = PBXBuildFile; fileRef = 7A8F93151C1294DC00F63A73 /* StudentLocationsMapViewController.swift */; };
		7A8F93181C12950800F63A73 /* StudentLocationsTableViewController.swift in Sources */ = {isa = PBXBuildFile; fileRef = 7A8F93171C12950800F63A73 /* StudentLocationsTableViewController.swift */; };
		7AA2863F1C4D74660059FF24 /* ParsePostStudentLocationResponseData.swift in Sources */ = {isa = PBXBuildFile; fileRef = 7AA2863E1C4D74660059FF24 /* ParsePostStudentLocationResponseData.swift */; };
		7AA4D76F1C4DB4D700D5012C /* ParseUpdateStudentLocationResponseData.swift in Sources */ = {isa = PBXBuildFile; fileRef = 7AA4D76E1C4DB4D700D5012C /* ParseUpdateStudentLocationResponseData.swift */; };
		7AC6A4741C4F313700470E22 /* UdacityLogin.swift in Sources */ = {isa = PBXBuildFile; fileRef = 7AC6A4731C4F313700470E22 /* UdacityLogin.swift */; };
		7AD293CD1C44755F00E61B85 /* UdacityUser.swift in Sources */ = {isa = PBXBuildFile; fileRef = 7AD293CC1C44755F00E61B85 /* UdacityUser.swift */; };
		7AD293CF1C447BCD00E61B85 /* UdacityDataManager.swift in Sources */ = {isa = PBXBuildFile; fileRef = 7AD293CE1C447BCD00E61B85 /* UdacityDataManager.swift */; };
		7ADB708B1E40756200950EDF /* FBSDKCoreKit.framework in Frameworks */ = {isa = PBXBuildFile; fileRef = 7ADB70891E40756200950EDF /* FBSDKCoreKit.framework */; };
		7ADB708C1E40756200950EDF /* FBSDKLoginKit.framework in Frameworks */ = {isa = PBXBuildFile; fileRef = 7ADB708A1E40756200950EDF /* FBSDKLoginKit.framework */; };
		7ADB708E1E40782A00950EDF /* Bolts.framework in Frameworks */ = {isa = PBXBuildFile; fileRef = 7ADB708D1E40782A00950EDF /* Bolts.framework */; };
/* End PBXBuildFile section */

/* Begin PBXFileReference section */
		7A04338F1E034D4200FB2C04 /* NotificationStrings.swift */ = {isa = PBXFileReference; fileEncoding = 4; lastKnownFileType = sourcecode.swift; path = NotificationStrings.swift; sourceTree = "<group>"; };
		7A0433911E036F2600FB2C04 /* IBStrings.swift */ = {isa = PBXFileReference; fileEncoding = 4; lastKnownFileType = sourcecode.swift; path = IBStrings.swift; sourceTree = "<group>"; };
		7A0433931E03744500FB2C04 /* AlertStrings.swift */ = {isa = PBXFileReference; fileEncoding = 4; lastKnownFileType = sourcecode.swift; path = AlertStrings.swift; sourceTree = "<group>"; };
		7A0D0BC11C0CFF910087D9CE /* ParseAPIClient.swift */ = {isa = PBXFileReference; fileEncoding = 4; lastKnownFileType = sourcecode.swift; path = ParseAPIClient.swift; sourceTree = "<group>"; };
		7A0D0BC31C0D29330087D9CE /* APIDataTaskWithRequest.swift */ = {isa = PBXFileReference; fileEncoding = 4; lastKnownFileType = sourcecode.swift; path = APIDataTaskWithRequest.swift; sourceTree = "<group>"; };
		7A0D0BCC1C0E84190087D9CE /* APIClientConstants.swift */ = {isa = PBXFileReference; fileEncoding = 4; lastKnownFileType = sourcecode.swift; path = APIClientConstants.swift; sourceTree = "<group>"; };
		7A1507E21C478031009BAAA4 /* UdacitySession.swift */ = {isa = PBXFileReference; fileEncoding = 4; lastKnownFileType = sourcecode.swift; path = UdacitySession.swift; sourceTree = "<group>"; };
		7A1507E41C478069009BAAA4 /* UdacityAccount.swift */ = {isa = PBXFileReference; fileEncoding = 4; lastKnownFileType = sourcecode.swift; path = UdacityAccount.swift; sourceTree = "<group>"; };
		7A1E9AAF1C459FC8008BCB02 /* UIViewControllerExtensions.swift */ = {isa = PBXFileReference; fileEncoding = 4; lastKnownFileType = sourcecode.swift; lineEnding = 0; path = UIViewControllerExtensions.swift; sourceTree = "<group>"; xcLanguageSpecificationIdentifier = xcode.lang.swift; };
		7A261AC81C3F342100FAEF5A /* StudentLocationsPostInformationViewController.swift */ = {isa = PBXFileReference; fileEncoding = 4; lastKnownFileType = sourcecode.swift; lineEnding = 0; path = StudentLocationsPostInformationViewController.swift; sourceTree = "<group>"; xcLanguageSpecificationIdentifier = xcode.lang.swift; };
		7A261ACA1C3FD20D00FAEF5A /* Images.xcassets */ = {isa = PBXFileReference; lastKnownFileType = folder.assetcatalog; path = Images.xcassets; sourceTree = "<group>"; };
		7A29A8C01C631ACA0098E298 /* ParseAPIClientConstants.swift */ = {isa = PBXFileReference; fileEncoding = 4; lastKnownFileType = sourcecode.swift; path = ParseAPIClientConstants.swift; sourceTree = "<group>"; };
		7A29A8C21C631F260098E298 /* UdacityAPIClientConstants.swift */ = {isa = PBXFileReference; fileEncoding = 4; lastKnownFileType = sourcecode.swift; path = UdacityAPIClientConstants.swift; sourceTree = "<group>"; };
		7A40DAFA1C5431B600E5A1BC /* Roboto-Medium.ttf */ = {isa = PBXFileReference; lastKnownFileType = file; path = "Roboto-Medium.ttf"; sourceTree = "<group>"; };
		7A40DAFB1C5431B600E5A1BC /* Roboto-Regular.ttf */ = {isa = PBXFileReference; lastKnownFileType = file; path = "Roboto-Regular.ttf"; sourceTree = "<group>"; };
		7A40DAFC1C5431B600E5A1BC /* Roboto-Thin.ttf */ = {isa = PBXFileReference; lastKnownFileType = file; path = "Roboto-Thin.ttf"; sourceTree = "<group>"; };
		7A40DB001C546BAA00E5A1BC /* WhitePixel.png */ = {isa = PBXFileReference; lastKnownFileType = image.png; path = WhitePixel.png; sourceTree = "<group>"; };
		7A4871FB1C163DF100E1E9CD /* StudentLocationsManager.swift */ = {isa = PBXFileReference; fileEncoding = 4; lastKnownFileType = sourcecode.swift; lineEnding = 0; path = StudentLocationsManager.swift; sourceTree = "<group>"; xcLanguageSpecificationIdentifier = xcode.lang.swift; };
		7A4871FD1C16678F00E1E9CD /* StudentLocation.swift */ = {isa = PBXFileReference; fileEncoding = 4; lastKnownFileType = sourcecode.swift; path = StudentLocation.swift; sourceTree = "<group>"; };
		7A49973F1C5C273400002D19 /* PleaseWaitView.swift */ = {isa = PBXFileReference; fileEncoding = 4; lastKnownFileType = sourcecode.swift; path = PleaseWaitView.swift; sourceTree = "<group>"; };
		7A6DB2EF1C52C53800F1E4E2 /* UdacityFBAccessToken.swift */ = {isa = PBXFileReference; fileEncoding = 4; lastKnownFileType = sourcecode.swift; path = UdacityFBAccessToken.swift; sourceTree = "<group>"; };
		7A79BA3B1C45AEBB004FD316 /* NetworkActivityIndicator.swift */ = {isa = PBXFileReference; fileEncoding = 4; lastKnownFileType = sourcecode.swift; path = NetworkActivityIndicator.swift; sourceTree = "<group>"; };
		7A840F5D1C03E6CD006B5874 /* OnTheMap.app */ = {isa = PBXFileReference; explicitFileType = wrapper.application; includeInIndex = 0; path = OnTheMap.app; sourceTree = BUILT_PRODUCTS_DIR; };
		7A840F601C03E6CD006B5874 /* AppDelegate.swift */ = {isa = PBXFileReference; lastKnownFileType = sourcecode.swift; path = AppDelegate.swift; sourceTree = "<group>"; };
		7A840F671C03E6CD006B5874 /* Base */ = {isa = PBXFileReference; lastKnownFileType = file.storyboard; name = Base; path = Base.lproj/Main.storyboard; sourceTree = "<group>"; };
		7A840F6C1C03E6CD006B5874 /* Base */ = {isa = PBXFileReference; lastKnownFileType = file.storyboard; name = Base; path = Base.lproj/LaunchScreen.storyboard; sourceTree = "<group>"; };
		7A840F6E1C03E6CD006B5874 /* Info.plist */ = {isa = PBXFileReference; lastKnownFileType = text.plist.xml; path = Info.plist; sourceTree = "<group>"; };
		7A840F741C04E82B006B5874 /* UdacityLoginViewController.swift */ = {isa = PBXFileReference; fileEncoding = 4; lastKnownFileType = sourcecode.swift; lineEnding = 0; path = UdacityLoginViewController.swift; sourceTree = "<group>"; xcLanguageSpecificationIdentifier = xcode.lang.swift; };
		7A840F7B1C04EBB7006B5874 /* UdacityAPIClient.swift */ = {isa = PBXFileReference; fileEncoding = 4; lastKnownFileType = sourcecode.swift; path = UdacityAPIClient.swift; sourceTree = "<group>"; };
		7A840F7E1C057469006B5874 /* HTTPURLResponseExtensions.swift */ = {isa = PBXFileReference; fileEncoding = 4; lastKnownFileType = sourcecode.swift; path = HTTPURLResponseExtensions.swift; sourceTree = "<group>"; };
		7A87AE961C49BB5B00C9F091 /* StudentLocationsTabBarController.swift */ = {isa = PBXFileReference; fileEncoding = 4; lastKnownFileType = sourcecode.swift; lineEnding = 0; path = StudentLocationsTabBarController.swift; sourceTree = "<group>"; xcLanguageSpecificationIdentifier = xcode.lang.swift; };
		7A8F93151C1294DC00F63A73 /* StudentLocationsMapViewController.swift */ = {isa = PBXFileReference; fileEncoding = 4; lastKnownFileType = sourcecode.swift; lineEnding = 0; path = StudentLocationsMapViewController.swift; sourceTree = "<group>"; xcLanguageSpecificationIdentifier = xcode.lang.swift; };
		7A8F93171C12950800F63A73 /* StudentLocationsTableViewController.swift */ = {isa = PBXFileReference; fileEncoding = 4; lastKnownFileType = sourcecode.swift; lineEnding = 0; path = StudentLocationsTableViewController.swift; sourceTree = "<group>"; xcLanguageSpecificationIdentifier = xcode.lang.swift; };
		7AA2863E1C4D74660059FF24 /* ParsePostStudentLocationResponseData.swift */ = {isa = PBXFileReference; fileEncoding = 4; lastKnownFileType = sourcecode.swift; path = ParsePostStudentLocationResponseData.swift; sourceTree = "<group>"; };
		7AA4D76E1C4DB4D700D5012C /* ParseUpdateStudentLocationResponseData.swift */ = {isa = PBXFileReference; fileEncoding = 4; lastKnownFileType = sourcecode.swift; path = ParseUpdateStudentLocationResponseData.swift; sourceTree = "<group>"; };
		7AC6A4731C4F313700470E22 /* UdacityLogin.swift */ = {isa = PBXFileReference; fileEncoding = 4; lastKnownFileType = sourcecode.swift; path = UdacityLogin.swift; sourceTree = "<group>"; };
		7AD293CC1C44755F00E61B85 /* UdacityUser.swift */ = {isa = PBXFileReference; fileEncoding = 4; lastKnownFileType = sourcecode.swift; path = UdacityUser.swift; sourceTree = "<group>"; };
		7AD293CE1C447BCD00E61B85 /* UdacityDataManager.swift */ = {isa = PBXFileReference; fileEncoding = 4; lastKnownFileType = sourcecode.swift; lineEnding = 0; path = UdacityDataManager.swift; sourceTree = "<group>"; xcLanguageSpecificationIdentifier = xcode.lang.swift; };
		7ADB70891E40756200950EDF /* FBSDKCoreKit.framework */ = {isa = PBXFileReference; lastKnownFileType = wrapper.framework; path = FBSDKCoreKit.framework; sourceTree = "<group>"; };
		7ADB708A1E40756200950EDF /* FBSDKLoginKit.framework */ = {isa = PBXFileReference; lastKnownFileType = wrapper.framework; path = FBSDKLoginKit.framework; sourceTree = "<group>"; };
		7ADB708D1E40782A00950EDF /* Bolts.framework */ = {isa = PBXFileReference; lastKnownFileType = wrapper.framework; path = Bolts.framework; sourceTree = "<group>"; };
		7ADB708F1E413D8E00950EDF /* OnTheMap.entitlements */ = {isa = PBXFileReference; lastKnownFileType = text.plist.entitlements; path = OnTheMap.entitlements; sourceTree = "<group>"; };
/* End PBXFileReference section */

/* Begin PBXFrameworksBuildPhase section */
		7A840F5A1C03E6CD006B5874 /* Frameworks */ = {
			isa = PBXFrameworksBuildPhase;
			buildActionMask = 2147483647;
			files = (
				7ADB708E1E40782A00950EDF /* Bolts.framework in Frameworks */,
				7ADB708C1E40756200950EDF /* FBSDKLoginKit.framework in Frameworks */,
				7ADB708B1E40756200950EDF /* FBSDKCoreKit.framework in Frameworks */,
			);
			runOnlyForDeploymentPostprocessing = 0;
		};
/* End PBXFrameworksBuildPhase section */

/* Begin PBXGroup section */
		7A0D0BC71C0D4AF30087D9CE /* Common */ = {
			isa = PBXGroup;
			children = (
				7A0D0BCC1C0E84190087D9CE /* APIClientConstants.swift */,
				7A0D0BC31C0D29330087D9CE /* APIDataTaskWithRequest.swift */,
			);
			name = Common;
			sourceTree = "<group>";
		};
		7A4871FA1C163DC600E1E9CD /* Data */ = {
			isa = PBXGroup;
			children = (
				7A4871FD1C16678F00E1E9CD /* StudentLocation.swift */,
				7A4871FB1C163DF100E1E9CD /* StudentLocationsManager.swift */,
			);
			name = Data;
			sourceTree = "<group>";
		};
		7A6DB2F11C52F70C00F1E4E2 /* Frameworks */ = {
			isa = PBXGroup;
			children = (
				7ADB708D1E40782A00950EDF /* Bolts.framework */,
				7ADB70891E40756200950EDF /* FBSDKCoreKit.framework */,
				7ADB708A1E40756200950EDF /* FBSDKLoginKit.framework */,
			);
			name = Frameworks;
			path = OnTheMap;
			sourceTree = "<group>";
		};
		7A78CD241C069C7700CFF3F2 /* Resources */ = {
			isa = PBXGroup;
			children = (
				7ADB708F1E413D8E00950EDF /* OnTheMap.entitlements */,
				7A40DAFA1C5431B600E5A1BC /* Roboto-Medium.ttf */,
				7A40DAFB1C5431B600E5A1BC /* Roboto-Regular.ttf */,
				7A40DAFC1C5431B600E5A1BC /* Roboto-Thin.ttf */,
				7A261ACA1C3FD20D00FAEF5A /* Images.xcassets */,
				7A40DB001C546BAA00E5A1BC /* WhitePixel.png */,
				7A840F6E1C03E6CD006B5874 /* Info.plist */,
				7A04338F1E034D4200FB2C04 /* NotificationStrings.swift */,
				7A0433911E036F2600FB2C04 /* IBStrings.swift */,
				7A0433931E03744500FB2C04 /* AlertStrings.swift */,
			);
			name = Resources;
			sourceTree = "<group>";
		};
		7A78CD251C069CC300CFF3F2 /* Delegates */ = {
			isa = PBXGroup;
			children = (
				7A840F601C03E6CD006B5874 /* AppDelegate.swift */,
			);
			name = Delegates;
			sourceTree = "<group>";
		};
		7A840F541C03E6CD006B5874 = {
			isa = PBXGroup;
			children = (
				7A840F5F1C03E6CD006B5874 /* OnTheMap */,
				7A840F5E1C03E6CD006B5874 /* Products */,
				7A6DB2F11C52F70C00F1E4E2 /* Frameworks */,
			);
			sourceTree = "<group>";
		};
		7A840F5E1C03E6CD006B5874 /* Products */ = {
			isa = PBXGroup;
			children = (
				7A840F5D1C03E6CD006B5874 /* OnTheMap.app */,
			);
			name = Products;
			sourceTree = "<group>";
		};
		7A840F5F1C03E6CD006B5874 /* OnTheMap */ = {
			isa = PBXGroup;
			children = (
				7A840F781C04E851006B5874 /* Controller */,
				7A78CD251C069CC300CFF3F2 /* Delegates */,
				7A840F7D1C057421006B5874 /* Exensions */,
				7A840F761C04E83C006B5874 /* Model */,
				7A78CD241C069C7700CFF3F2 /* Resources */,
				7A840F771C04E848006B5874 /* View */,
			);
			path = OnTheMap;
			sourceTree = "<group>";
		};
		7A840F761C04E83C006B5874 /* Model */ = {
			isa = PBXGroup;
			children = (
				7A4871FA1C163DC600E1E9CD /* Data */,
				7A840F791C04EB7A006B5874 /* API Clients */,
			);
			name = Model;
			sourceTree = "<group>";
		};
		7A840F771C04E848006B5874 /* View */ = {
			isa = PBXGroup;
			children = (
				7A840F6B1C03E6CD006B5874 /* LaunchScreen.storyboard */,
				7A840F661C03E6CD006B5874 /* Main.storyboard */,
				7A79BA3B1C45AEBB004FD316 /* NetworkActivityIndicator.swift */,
				7A49973F1C5C273400002D19 /* PleaseWaitView.swift */,
			);
			name = View;
			sourceTree = "<group>";
		};
		7A840F781C04E851006B5874 /* Controller */ = {
			isa = PBXGroup;
			children = (
				7A8F93151C1294DC00F63A73 /* StudentLocationsMapViewController.swift */,
				7A261AC81C3F342100FAEF5A /* StudentLocationsPostInformationViewController.swift */,
				7A87AE961C49BB5B00C9F091 /* StudentLocationsTabBarController.swift */,
				7A8F93171C12950800F63A73 /* StudentLocationsTableViewController.swift */,
				7A840F741C04E82B006B5874 /* UdacityLoginViewController.swift */,
			);
			name = Controller;
			sourceTree = "<group>";
		};
		7A840F791C04EB7A006B5874 /* API Clients */ = {
			isa = PBXGroup;
			children = (
				7A0D0BC71C0D4AF30087D9CE /* Common */,
				7AA2863D1C4D72680059FF24 /* Parse */,
				7AA2863C1C4D724B0059FF24 /* Udacity */,
			);
			name = "API Clients";
			sourceTree = "<group>";
		};
		7A840F7D1C057421006B5874 /* Exensions */ = {
			isa = PBXGroup;
			children = (
				7A840F7E1C057469006B5874 /* HTTPURLResponseExtensions.swift */,
				7A1E9AAF1C459FC8008BCB02 /* UIViewControllerExtensions.swift */,
			);
			name = Exensions;
			sourceTree = "<group>";
		};
		7AA2863C1C4D724B0059FF24 /* Udacity */ = {
			isa = PBXGroup;
			children = (
				7A29A8C21C631F260098E298 /* UdacityAPIClientConstants.swift */,
				7A1507E41C478069009BAAA4 /* UdacityAccount.swift */,
				7A840F7B1C04EBB7006B5874 /* UdacityAPIClient.swift */,
				7AD293CE1C447BCD00E61B85 /* UdacityDataManager.swift */,
				7A1507E21C478031009BAAA4 /* UdacitySession.swift */,
				7AD293CC1C44755F00E61B85 /* UdacityUser.swift */,
				7AC6A4731C4F313700470E22 /* UdacityLogin.swift */,
				7A6DB2EF1C52C53800F1E4E2 /* UdacityFBAccessToken.swift */,
			);
			name = Udacity;
			sourceTree = "<group>";
		};
		7AA2863D1C4D72680059FF24 /* Parse */ = {
			isa = PBXGroup;
			children = (
				7A29A8C01C631ACA0098E298 /* ParseAPIClientConstants.swift */,
				7A0D0BC11C0CFF910087D9CE /* ParseAPIClient.swift */,
				7AA2863E1C4D74660059FF24 /* ParsePostStudentLocationResponseData.swift */,
				7AA4D76E1C4DB4D700D5012C /* ParseUpdateStudentLocationResponseData.swift */,
			);
			name = Parse;
			sourceTree = "<group>";
		};
/* End PBXGroup section */

/* Begin PBXNativeTarget section */
		7A840F5C1C03E6CD006B5874 /* OnTheMap */ = {
			isa = PBXNativeTarget;
			buildConfigurationList = 7A840F711C03E6CD006B5874 /* Build configuration list for PBXNativeTarget "OnTheMap" */;
			buildPhases = (
				7A840F591C03E6CD006B5874 /* Sources */,
				7A840F5A1C03E6CD006B5874 /* Frameworks */,
				7A840F5B1C03E6CD006B5874 /* Resources */,
			);
			buildRules = (
			);
			dependencies = (
			);
			name = OnTheMap;
			productName = OnTheMap;
			productReference = 7A840F5D1C03E6CD006B5874 /* OnTheMap.app */;
			productType = "com.apple.product-type.application";
		};
/* End PBXNativeTarget section */

/* Begin PBXProject section */
		7A840F551C03E6CD006B5874 /* Project object */ = {
			isa = PBXProject;
			attributes = {
				LastSwiftUpdateCheck = 0710;
				LastUpgradeCheck = 0820;
				ORGANIZATIONNAME = "Gregory White";
				TargetAttributes = {
					7A840F5C1C03E6CD006B5874 = {
						CreatedOnToolsVersion = 7.1.1;
						DevelopmentTeam = G828UK7MUR;
						LastSwiftMigration = 0810;
						SystemCapabilities = {
							com.apple.Keychain = {
								enabled = 1;
							};
						};
					};
				};
			};
			buildConfigurationList = 7A840F581C03E6CD006B5874 /* Build configuration list for PBXProject "OnTheMap" */;
			compatibilityVersion = "Xcode 8.0";
			developmentRegion = English;
			hasScannedForEncodings = 0;
			knownRegions = (
				en,
				Base,
			);
			mainGroup = 7A840F541C03E6CD006B5874;
			productRefGroup = 7A840F5E1C03E6CD006B5874 /* Products */;
			projectDirPath = "";
			projectRoot = "";
			targets = (
				7A840F5C1C03E6CD006B5874 /* OnTheMap */,
			);
		};
/* End PBXProject section */

/* Begin PBXResourcesBuildPhase section */
		7A840F5B1C03E6CD006B5874 /* Resources */ = {
			isa = PBXResourcesBuildPhase;
			buildActionMask = 2147483647;
			files = (
				7A40DAFD1C5431B600E5A1BC /* Roboto-Medium.ttf in Resources */,
				7A261ACB1C3FD20D00FAEF5A /* Images.xcassets in Resources */,
				7A40DAFF1C5431B600E5A1BC /* Roboto-Thin.ttf in Resources */,
				7A40DAFE1C5431B600E5A1BC /* Roboto-Regular.ttf in Resources */,
				7A840F6D1C03E6CD006B5874 /* LaunchScreen.storyboard in Resources */,
				7A840F681C03E6CD006B5874 /* Main.storyboard in Resources */,
				7A40DB011C546BAA00E5A1BC /* WhitePixel.png in Resources */,
			);
			runOnlyForDeploymentPostprocessing = 0;
		};
/* End PBXResourcesBuildPhase section */

/* Begin PBXSourcesBuildPhase section */
		7A840F591C03E6CD006B5874 /* Sources */ = {
			isa = PBXSourcesBuildPhase;
			buildActionMask = 2147483647;
			files = (
				7A1E9AB01C459FC8008BCB02 /* UIViewControllerExtensions.swift in Sources */,
				7AC6A4741C4F313700470E22 /* UdacityLogin.swift in Sources */,
				7AD293CF1C447BCD00E61B85 /* UdacityDataManager.swift in Sources */,
				7A261AC91C3F342100FAEF5A /* StudentLocationsPostInformationViewController.swift in Sources */,
				7A29A8C11C631ACA0098E298 /* ParseAPIClientConstants.swift in Sources */,
				7A0D0BCD1C0E84190087D9CE /* APIClientConstants.swift in Sources */,
				7A0433941E03744500FB2C04 /* AlertStrings.swift in Sources */,
				7A79BA3C1C45AEBB004FD316 /* NetworkActivityIndicator.swift in Sources */,
				7A0433921E036F2600FB2C04 /* IBStrings.swift in Sources */,
				7A1507E31C478031009BAAA4 /* UdacitySession.swift in Sources */,
				7A4997401C5C273400002D19 /* PleaseWaitView.swift in Sources */,
				7A4871FE1C16678F00E1E9CD /* StudentLocation.swift in Sources */,
				7A8F93181C12950800F63A73 /* StudentLocationsTableViewController.swift in Sources */,
				7A8F93161C1294DC00F63A73 /* StudentLocationsMapViewController.swift in Sources */,
				7A0D0BC21C0CFF910087D9CE /* ParseAPIClient.swift in Sources */,
				7A0433901E034D4200FB2C04 /* NotificationStrings.swift in Sources */,
				7A29A8C31C631F260098E298 /* UdacityAPIClientConstants.swift in Sources */,
				7A1507E51C478069009BAAA4 /* UdacityAccount.swift in Sources */,
				7AA2863F1C4D74660059FF24 /* ParsePostStudentLocationResponseData.swift in Sources */,
				7A87AE971C49BB5B00C9F091 /* StudentLocationsTabBarController.swift in Sources */,
				7A4871FC1C163DF100E1E9CD /* StudentLocationsManager.swift in Sources */,
				7A840F751C04E82B006B5874 /* UdacityLoginViewController.swift in Sources */,
				7A840F7F1C057469006B5874 /* HTTPURLResponseExtensions.swift in Sources */,
				7A840F611C03E6CD006B5874 /* AppDelegate.swift in Sources */,
				7A6DB2F01C52C53800F1E4E2 /* UdacityFBAccessToken.swift in Sources */,
				7AA4D76F1C4DB4D700D5012C /* ParseUpdateStudentLocationResponseData.swift in Sources */,
				7A840F7C1C04EBB7006B5874 /* UdacityAPIClient.swift in Sources */,
				7A0D0BC41C0D29330087D9CE /* APIDataTaskWithRequest.swift in Sources */,
				7AD293CD1C44755F00E61B85 /* UdacityUser.swift in Sources */,
			);
			runOnlyForDeploymentPostprocessing = 0;
		};
/* End PBXSourcesBuildPhase section */

/* Begin PBXVariantGroup section */
		7A840F661C03E6CD006B5874 /* Main.storyboard */ = {
			isa = PBXVariantGroup;
			children = (
				7A840F671C03E6CD006B5874 /* Base */,
			);
			name = Main.storyboard;
			sourceTree = "<group>";
		};
		7A840F6B1C03E6CD006B5874 /* LaunchScreen.storyboard */ = {
			isa = PBXVariantGroup;
			children = (
				7A840F6C1C03E6CD006B5874 /* Base */,
			);
			name = LaunchScreen.storyboard;
			sourceTree = "<group>";
		};
/* End PBXVariantGroup section */

/* Begin XCBuildConfiguration section */
		7A840F6F1C03E6CD006B5874 /* Debug */ = {
			isa = XCBuildConfiguration;
			buildSettings = {
				ALWAYS_SEARCH_USER_PATHS = NO;
				CLANG_CXX_LANGUAGE_STANDARD = "gnu++0x";
				CLANG_CXX_LIBRARY = "libc++";
				CLANG_ENABLE_MODULES = YES;
				CLANG_ENABLE_OBJC_ARC = YES;
				CLANG_WARN_BOOL_CONVERSION = YES;
				CLANG_WARN_CONSTANT_CONVERSION = YES;
				CLANG_WARN_DIRECT_OBJC_ISA_USAGE = YES_ERROR;
				CLANG_WARN_EMPTY_BODY = YES;
				CLANG_WARN_ENUM_CONVERSION = YES;
				CLANG_WARN_INFINITE_RECURSION = YES;
				CLANG_WARN_INT_CONVERSION = YES;
				CLANG_WARN_OBJC_ROOT_CLASS = YES_ERROR;
				CLANG_WARN_SUSPICIOUS_MOVE = YES;
				CLANG_WARN_UNREACHABLE_CODE = YES;
				CLANG_WARN__DUPLICATE_METHOD_MATCH = YES;
				"CODE_SIGN_IDENTITY[sdk=iphoneos*]" = "iPhone Developer";
				COPY_PHASE_STRIP = NO;
				DEBUG_INFORMATION_FORMAT = dwarf;
				ENABLE_STRICT_OBJC_MSGSEND = YES;
				ENABLE_TESTABILITY = YES;
				"FRAMEWORK_SEARCH_PATHS[arch=*]" = "/Users/{username}/Documents/FacebookSDK";
				GCC_C_LANGUAGE_STANDARD = gnu99;
				GCC_DYNAMIC_NO_PIC = NO;
				GCC_NO_COMMON_BLOCKS = YES;
				GCC_OPTIMIZATION_LEVEL = 0;
				GCC_PREPROCESSOR_DEFINITIONS = (
					"DEBUG=1",
					"$(inherited)",
				);
				GCC_WARN_64_TO_32_BIT_CONVERSION = YES;
				GCC_WARN_ABOUT_RETURN_TYPE = YES_ERROR;
				GCC_WARN_UNDECLARED_SELECTOR = YES;
				GCC_WARN_UNINITIALIZED_AUTOS = YES_AGGRESSIVE;
				GCC_WARN_UNUSED_FUNCTION = YES;
				GCC_WARN_UNUSED_VARIABLE = YES;
				IPHONEOS_DEPLOYMENT_TARGET = 10.2;
				MTL_ENABLE_DEBUG_INFO = YES;
				ONLY_ACTIVE_ARCH = YES;
				SDKROOT = iphoneos;
				SWIFT_OPTIMIZATION_LEVEL = "-Onone";
			};
			name = Debug;
		};
		7A840F701C03E6CD006B5874 /* Release */ = {
			isa = XCBuildConfiguration;
			buildSettings = {
				ALWAYS_SEARCH_USER_PATHS = NO;
				CLANG_CXX_LANGUAGE_STANDARD = "gnu++0x";
				CLANG_CXX_LIBRARY = "libc++";
				CLANG_ENABLE_MODULES = YES;
				CLANG_ENABLE_OBJC_ARC = YES;
				CLANG_WARN_BOOL_CONVERSION = YES;
				CLANG_WARN_CONSTANT_CONVERSION = YES;
				CLANG_WARN_DIRECT_OBJC_ISA_USAGE = YES_ERROR;
				CLANG_WARN_EMPTY_BODY = YES;
				CLANG_WARN_ENUM_CONVERSION = YES;
				CLANG_WARN_INFINITE_RECURSION = YES;
				CLANG_WARN_INT_CONVERSION = YES;
				CLANG_WARN_OBJC_ROOT_CLASS = YES_ERROR;
				CLANG_WARN_SUSPICIOUS_MOVE = YES;
				CLANG_WARN_UNREACHABLE_CODE = YES;
				CLANG_WARN__DUPLICATE_METHOD_MATCH = YES;
				"CODE_SIGN_IDENTITY[sdk=iphoneos*]" = "iPhone Developer";
				COPY_PHASE_STRIP = NO;
				DEBUG_INFORMATION_FORMAT = "dwarf-with-dsym";
				ENABLE_NS_ASSERTIONS = NO;
				ENABLE_STRICT_OBJC_MSGSEND = YES;
				"FRAMEWORK_SEARCH_PATHS[arch=*]" = "/Users/{username}/Documents/FacebookSDK";
				GCC_C_LANGUAGE_STANDARD = gnu99;
				GCC_NO_COMMON_BLOCKS = YES;
				GCC_WARN_64_TO_32_BIT_CONVERSION = YES;
				GCC_WARN_ABOUT_RETURN_TYPE = YES_ERROR;
				GCC_WARN_UNDECLARED_SELECTOR = YES;
				GCC_WARN_UNINITIALIZED_AUTOS = YES_AGGRESSIVE;
				GCC_WARN_UNUSED_FUNCTION = YES;
				GCC_WARN_UNUSED_VARIABLE = YES;
				IPHONEOS_DEPLOYMENT_TARGET = 10.2;
				MTL_ENABLE_DEBUG_INFO = NO;
				SDKROOT = iphoneos;
				SWIFT_OPTIMIZATION_LEVEL = "-Owholemodule";
				VALIDATE_PRODUCT = YES;
			};
			name = Release;
		};
		7A840F721C03E6CD006B5874 /* Debug */ = {
			isa = XCBuildConfiguration;
			buildSettings = {
				ASSETCATALOG_COMPILER_APPICON_NAME = AppIcon;
				CODE_SIGN_ENTITLEMENTS = OnTheMap/OnTheMap.entitlements;
				CODE_SIGN_IDENTITY = "iPhone Developer";
				FRAMEWORK_SEARCH_PATHS = (
					"$(inherited)",
					"$(PROJECT_DIR)/OnTheMap",
				);
				"FRAMEWORK_SEARCH_PATHS[arch=*]" = " $(PROJECT_DIR)/OnTheMap";
				INFOPLIST_FILE = OnTheMap/Info.plist;
				IPHONEOS_DEPLOYMENT_TARGET = 10.2;
				LD_RUNPATH_SEARCH_PATHS = "$(inherited) @executable_path/Frameworks";
				PRODUCT_BUNDLE_IDENTIFIER = com.gaw3.OnTheMap;
				PRODUCT_NAME = "$(TARGET_NAME)";
				SWIFT_VERSION = 3.0;
			};
			name = Debug;
		};
		7A840F731C03E6CD006B5874 /* Release */ = {
			isa = XCBuildConfiguration;
			buildSettings = {
				ASSETCATALOG_COMPILER_APPICON_NAME = AppIcon;
				CODE_SIGN_ENTITLEMENTS = OnTheMap/OnTheMap.entitlements;
				CODE_SIGN_IDENTITY = "iPhone Developer";
				FRAMEWORK_SEARCH_PATHS = (
					"$(inherited)",
					"$(PROJECT_DIR)/OnTheMap",
				);
				"FRAMEWORK_SEARCH_PATHS[arch=*]" = " $(PROJECT_DIR)/OnTheMap";
				INFOPLIST_FILE = OnTheMap/Info.plist;
				IPHONEOS_DEPLOYMENT_TARGET = 10.2;
				LD_RUNPATH_SEARCH_PATHS = "$(inherited) @executable_path/Frameworks";
				PRODUCT_BUNDLE_IDENTIFIER = com.gaw3.OnTheMap;
				PRODUCT_NAME = "$(TARGET_NAME)";
				SWIFT_VERSION = 3.0;
			};
			name = Release;
		};
/* End XCBuildConfiguration section */

/* Begin XCConfigurationList section */
		7A840F581C03E6CD006B5874 /* Build configuration list for PBXProject "OnTheMap" */ = {
			isa = XCConfigurationList;
			buildConfigurations = (
				7A840F6F1C03E6CD006B5874 /* Debug */,
				7A840F701C03E6CD006B5874 /* Release */,
			);
			defaultConfigurationIsVisible = 0;
			defaultConfigurationName = Release;
		};
		7A840F711C03E6CD006B5874 /* Build configuration list for PBXNativeTarget "OnTheMap" */ = {
			isa = XCConfigurationList;
			buildConfigurations = (
				7A840F721C03E6CD006B5874 /* Debug */,
				7A840F731C03E6CD006B5874 /* Release */,
			);
			defaultConfigurationIsVisible = 0;
			defaultConfigurationName = Release;
		};
/* End XCConfigurationList section */
	};
	rootObject = 7A840F551C03E6CD006B5874 /* Project object */;
}
